schema: '2.0'
stages:
  mystage:
    cmd: python train.py
    deps:
    - path: data
      md5: 0487b3885b8bc079a1de0cad9c0f8401.dir
      size: 53704810
      nfiles: 4
    - path: train.py
      md5: 0775ae7b4d95708f3933886994c00446
      size: 929
    outs:
    - path: loss.csv
      md5: 608e3d38b78720f88cea9a1832fab552
      size: 213
    - path: metrics.json
      md5: f12f536986d0ea7f1acf1ef93e6f4fba
      size: 84
